# This file is generated by running "yarn install" inside your project.
# Manual changes might be lost - proceed with caution!

__metadata:
  version: 9
  cacheKey: 10c0

"marked@npm:18.0.3":
  version: 18.0.3
  resolution: "marked@npm:18.0.3"
  bin:
    marked: bin/marked.js
  checksum: 10c0/f2943a439acf17942058f8e4c51373e0f8aa88194b55625ffa22db7955b9c2752fe9bdd4a31498f667d30e5667bab2c27e3f2f56a1045f53b693f000a6199840
  languageName: node
  linkType: hard

"root-workspace-0b6124@workspace:.":
  version: 0.0.0-use.local
  resolution: "root-workspace-0b6124@workspace:."
  dependencies:
    marked: "npm:18.0.3"
  languageName: unknown
  linkType: soft
